// !$*UTF8*$!
{
	archiveVersion = 1;
	classes = {
	};
	objectVersion = 48;
	objects = {

/* Begin PBXBuildFile section */
		A0121DB4203A05F7001F45E5 /* LeagueVC.swift in Sources */ = {isa = PBXBuildFile; fileRef = A0121DB3203A05F7001F45E5 /* LeagueVC.swift */; };
		A0121DB6203A0612001F45E5 /* SkillVC.swift in Sources */ = {isa = PBXBuildFile; fileRef = A0121DB5203A0612001F45E5 /* SkillVC.swift */; };
		A02F73E22033E4BA0052DB1E /* AppDelegate.swift in Sources */ = {isa = PBXBuildFile; fileRef = A02F73E12033E4BA0052DB1E /* AppDelegate.swift */; };
		A02F73E42033E4BA0052DB1E /* WelcomeVC.swift in Sources */ = {isa = PBXBuildFile; fileRef = A02F73E32033E4BA0052DB1E /* WelcomeVC.swift */; };
		A02F73E72033E4BA0052DB1E /* Main.storyboard in Resources */ = {isa = PBXBuildFile; fileRef = A02F73E52033E4BA0052DB1E /* Main.storyboard */; };
		A02F73E92033E4BA0052DB1E /* Assets.xcassets in Resources */ = {isa = PBXBuildFile; fileRef = A02F73E82033E4BA0052DB1E /* Assets.xcassets */; };
		A02F73EC2033E4BA0052DB1E /* LaunchScreen.storyboard in Resources */ = {isa = PBXBuildFile; fileRef = A02F73EA2033E4BA0052DB1E /* LaunchScreen.storyboard */; };
		A02F73F520364E9A0052DB1E /* BorderButton.swift in Sources */ = {isa = PBXBuildFile; fileRef = A02F73F420364E9A0052DB1E /* BorderButton.swift */; };
/* End PBXBuildFile section */

/* Begin PBXFileReference section */
		A0121DB3203A05F7001F45E5 /* LeagueVC.swift */ = {isa = PBXFileReference; lastKnownFileType = sourcecode.swift; path = LeagueVC.swift; sourceTree = "<group>"; };
		A0121DB5203A0612001F45E5 /* SkillVC.swift */ = {isa = PBXFileReference; lastKnownFileType = sourcecode.swift; path = SkillVC.swift; sourceTree = "<group>"; };
		A02F73DE2033E4BA0052DB1E /* app-swoosh.app */ = {isa = PBXFileReference; explicitFileType = wrapper.application; includeInIndex = 0; path = "app-swoosh.app"; sourceTree = BUILT_PRODUCTS_DIR; };
		A02F73E12033E4BA0052DB1E /* AppDelegate.swift */ = {isa = PBXFileReference; lastKnownFileType = sourcecode.swift; path = AppDelegate.swift; sourceTree = "<group>"; };
		A02F73E32033E4BA0052DB1E /* WelcomeVC.swift */ = {isa = PBXFileReference; lastKnownFileType = sourcecode.swift; path = WelcomeVC.swift; sourceTree = "<group>"; };
		A02F73E62033E4BA0052DB1E /* Base */ = {isa = PBXFileReference; lastKnownFileType = file.storyboard; name = Base; path = Base.lproj/Main.storyboard; sourceTree = "<group>"; };
		A02F73E82033E4BA0052DB1E /* Assets.xcassets */ = {isa = PBXFileReference; lastKnownFileType = folder.assetcatalog; path = Assets.xcassets; sourceTree = "<group>"; };
		A02F73EB2033E4BA0052DB1E /* Base */ = {isa = PBXFileReference; lastKnownFileType = file.storyboard; name = Base; path = Base.lproj/LaunchScreen.storyboard; sourceTree = "<group>"; };
		A02F73ED2033E4BA0052DB1E /* Info.plist */ = {isa = PBXFileReference; lastKnownFileType = text.plist.xml; path = Info.plist; sourceTree = "<group>"; };
		A02F73F420364E9A0052DB1E /* BorderButton.swift */ = {isa = PBXFileReference; lastKnownFileType = sourcecode.swift; path = BorderButton.swift; sourceTree = "<group>"; };
/* End PBXFileReference section */

/* Begin PBXFrameworksBuildPhase section */
		A02F73DB2033E4BA0052DB1E /* Frameworks */ = {
			isa = PBXFrameworksBuildPhase;
			buildActionMask = 2147483647;
			files = (
			);
			runOnlyForDeploymentPostprocessing = 0;
		};
/* End PBXFrameworksBuildPhase section */

/* Begin PBXGroup section */
		A0121DB1203A0590001F45E5 /* Model */ = {
			isa = PBXGroup;
			children = (
			);
			path = Model;
			sourceTree = "<group>";
		};
		A0121DB2203A059C001F45E5 /* Controller */ = {
			isa = PBXGroup;
			children = (
				A02F73E32033E4BA0052DB1E /* WelcomeVC.swift */,
				A0121DB3203A05F7001F45E5 /* LeagueVC.swift */,
				A0121DB5203A0612001F45E5 /* SkillVC.swift */,
			);
			path = Controller;
			sourceTree = "<group>";
		};
		A02F73D52033E4BA0052DB1E = {
			isa = PBXGroup;
			children = (
				A02F73E02033E4BA0052DB1E /* app-swoosh */,
				A02F73DF2033E4BA0052DB1E /* Products */,
			);
			sourceTree = "<group>";
		};
		A02F73DF2033E4BA0052DB1E /* Products */ = {
			isa = PBXGroup;
			children = (
				A02F73DE2033E4BA0052DB1E /* app-swoosh.app */,
			);
			name = Products;
			sourceTree = "<group>";
		};
		A02F73E02033E4BA0052DB1E /* app-swoosh */ = {
			isa = PBXGroup;
			children = (
				A0121DB2203A059C001F45E5 /* Controller */,
				A0121DB1203A0590001F45E5 /* Model */,
				A02F73F320364E070052DB1E /* View */,
				A02F73E12033E4BA0052DB1E /* AppDelegate.swift */,
				A02F73E52033E4BA0052DB1E /* Main.storyboard */,
				A02F73E82033E4BA0052DB1E /* Assets.xcassets */,
				A02F73EA2033E4BA0052DB1E /* LaunchScreen.storyboard */,
				A02F73ED2033E4BA0052DB1E /* Info.plist */,
			);
			path = "app-swoosh";
			sourceTree = "<group>";
		};
		A02F73F320364E070052DB1E /* View */ = {
			isa = PBXGroup;
			children = (
				A02F73F420364E9A0052DB1E /* BorderButton.swift */,
			);
			path = View;
			sourceTree = "<group>";
		};
/* End PBXGroup section */

/* Begin PBXNativeTarget section */
		A02F73DD2033E4BA0052DB1E /* app-swoosh */ = {
			isa = PBXNativeTarget;
			buildConfigurationList = A02F73F02033E4BA0052DB1E /* Build configuration list for PBXNativeTarget "app-swoosh" */;
			buildPhases = (
				A02F73DA2033E4BA0052DB1E /* Sources */,
				A02F73DB2033E4BA0052DB1E /* Frameworks */,
				A02F73DC2033E4BA0052DB1E /* Resources */,
			);
			buildRules = (
			);
			dependencies = (
			);
			name = "app-swoosh";
			productName = "app-swoosh";
			productReference = A02F73DE2033E4BA0052DB1E /* app-swoosh.app */;
			productType = "com.apple.product-type.application";
		};
/* End PBXNativeTarget section */

/* Begin PBXProject section */
		A02F73D62033E4BA0052DB1E /* Project object */ = {
			isa = PBXProject;
			attributes = {
				LastSwiftUpdateCheck = 0920;
				LastUpgradeCheck = 0920;
				ORGANIZATIONNAME = "Mike Boyle";
				TargetAttributes = {
					A02F73DD2033E4BA0052DB1E = {
						CreatedOnToolsVersion = 9.2;
						ProvisioningStyle = Automatic;
					};
				};
			};
			buildConfigurationList = A02F73D92033E4BA0052DB1E /* Build configuration list for PBXProject "app-swoosh" */;
			compatibilityVersion = "Xcode 8.0";
			developmentRegion = en;
			hasScannedForEncodings = 0;
			knownRegions = (
				en,
				Base,
			);
			mainGroup = A02F73D52033E4BA0052DB1E;
			productRefGroup = A02F73DF2033E4BA0052DB1E /* Products */;
			projectDirPath = "";
			projectRoot = "";
			targets = (
				A02F73DD2033E4BA0052DB1E /* app-swoosh */,
			);
		};
/* End PBXProject section */

/* Begin PBXResourcesBuildPhase section */
		A02F73DC2033E4BA0052DB1E /* Resources */ = {
			isa = PBXResourcesBuildPhase;
			buildActionMask = 2147483647;
			files = (
				A02F73EC2033E4BA0052DB1E /* LaunchScreen.storyboard in Resources */,
				A02F73E92033E4BA0052DB1E /* Assets.xcassets in Resources */,
				A02F73E72033E4BA0052DB1E /* Main.storyboard in Resources */,
			);
			runOnlyForDeploymentPostprocessing = 0;
		};
/* End PBXResourcesBuildPhase section */

/* Begin PBXSourcesBuildPhase section */
		A02F73DA2033E4BA0052DB1E /* Sources */ = {
			isa = PBXSourcesBuildPhase;
			buildActionMask = 2147483647;
			files = (
				A02F73E42033E4BA0052DB1E /* WelcomeVC.swift in Sources */,
				A0121DB4203A05F7001F45E5 /* LeagueVC.swift in Sources */,
				A02F73E22033E4BA0052DB1E /* AppDelegate.swift in Sources */,
				A0121DB6203A0612001F45E5 /* SkillVC.swift in Sources */,
				A02F73F520364E9A0052DB1E /* BorderButton.swift in Sources */,
			);
			runOnlyForDeploymentPostprocessing = 0;
		};
/* End PBXSourcesBuildPhase section */

/* Begin PBXVariantGroup section */
		A02F73E52033E4BA0052DB1E /* Main.storyboard */ = {
			isa = PBXVariantGroup;
			children = (
				A02F73E62033E4BA0052DB1E /* Base */,
			);
			name = Main.storyboard;
			sourceTree = "<group>";
		};
		A02F73EA2033E4BA0052DB1E /* LaunchScreen.storyboard */ = {
			isa = PBXVariantGroup;
			children = (
				A02F73EB2033E4BA0052DB1E /* Base */,
			);
			name = LaunchScreen.storyboard;
			sourceTree = "<group>";
		};
/* End PBXVariantGroup section */

/* Begin XCBuildConfiguration section */
		A02F73EE2033E4BA0052DB1E /* Debug */ = {
			isa = XCBuildConfiguration;
			buildSettings = {
				ALWAYS_SEARCH_USER_PATHS = NO;
				CLANG_ANALYZER_NONNULL = YES;
				CLANG_ANALYZER_NUMBER_OBJECT_CONVERSION = YES_AGGRESSIVE;
				CLANG_CXX_LANGUAGE_STANDARD = "gnu++14";
				CLANG_CXX_LIBRARY = "libc++";
				CLANG_ENABLE_MODULES = YES;
				CLANG_ENABLE_OBJC_ARC = YES;
				CLANG_WARN_BLOCK_CAPTURE_AUTORELEASING = YES;
				CLANG_WARN_BOOL_CONVERSION = YES;
				CLANG_WARN_COMMA = YES;
				CLANG_WARN_CONSTANT_CONVERSION = YES;
				CLANG_WARN_DIRECT_OBJC_ISA_USAGE = YES_ERROR;
				CLANG_WARN_DOCUMENTATION_COMMENTS = YES;
				CLANG_WARN_EMPTY_BODY = YES;
				CLANG_WARN_ENUM_CONVERSION = YES;
				CLANG_WARN_INFINITE_RECURSION = YES;
				CLANG_WARN_INT_CONVERSION = YES;
				CLANG_WARN_NON_LITERAL_NULL_CONVERSION = YES;
				CLANG_WARN_OBJC_LITERAL_CONVERSION = YES;
				CLANG_WARN_OBJC_ROOT_CLASS = YES_ERROR;
				CLANG_WARN_RANGE_LOOP_ANALYSIS = YES;
				CLANG_WARN_STRICT_PROTOTYPES = YES;
				CLANG_WARN_SUSPICIOUS_MOVE = YES;
				CLANG_WARN_UNGUARDED_AVAILABILITY = YES_AGGRESSIVE;
				CLANG_WARN_UNREACHABLE_CODE = YES;
				CLANG_WARN__DUPLICATE_METHOD_MATCH = YES;
				CODE_SIGN_IDENTITY = "iPhone Developer";
				COPY_PHASE_STRIP = NO;
				DEBUG_INFORMATION_FORMAT = dwarf;
				ENABLE_STRICT_OBJC_MSGSEND = YES;
				ENABLE_TESTABILITY = YES;
				GCC_C_LANGUAGE_STANDARD = gnu11;
				GCC_DYNAMIC_NO_PIC = NO;
				GCC_NO_COMMON_BLOCKS = YES;
				GCC_OPTIMIZATION_LEVEL = 0;
				GCC_PREPROCESSOR_DEFINITIONS = (
					"DEBUG=1",
					"$(inherited)",
				);
				GCC_WARN_64_TO_32_BIT_CONVERSION = YES;
				GCC_WARN_ABOUT_RETURN_TYPE = YES_ERROR;
				GCC_WARN_UNDECLARED_SELECTOR = YES;
				GCC_WARN_UNINITIALIZED_AUTOS = YES_AGGRESSIVE;
				GCC_WARN_UNUSED_FUNCTION = YES;
				GCC_WARN_UNUSED_VARIABLE = YES;
				IPHONEOS_DEPLOYMENT_TARGET = 11.2;
				MTL_ENABLE_DEBUG_INFO = YES;
				ONLY_ACTIVE_ARCH = YES;
				SDKROOT = iphoneos;
				SWIFT_ACTIVE_COMPILATION_CONDITIONS = DEBUG;
				SWIFT_OPTIMIZATION_LEVEL = "-Onone";
			};
			name = Debug;
		};
		A02F73EF2033E4BA0052DB1E /* Release */ = {
			isa = XCBuildConfiguration;
			buildSettings = {
				ALWAYS_SEARCH_USER_PATHS = NO;
				CLANG_ANALYZER_NONNULL = YES;
				CLANG_ANALYZER_NUMBER_OBJECT_CONVERSION = YES_AGGRESSIVE;
				CLANG_CXX_LANGUAGE_STANDARD = "gnu++14";
				CLANG_CXX_LIBRARY = "libc++";
				CLANG_ENABLE_MODULES = YES;
				CLANG_ENABLE_OBJC_ARC = YES;
				CLANG_WARN_BLOCK_CAPTURE_AUTORELEASING = YES;
				CLANG_WARN_BOOL_CONVERSION = YES;
				CLANG_WARN_COMMA = YES;
				CLANG_WARN_CONSTANT_CONVERSION = YES;
				CLANG_WARN_DIRECT_OBJC_ISA_USAGE = YES_ERROR;
				CLANG_WARN_DOCUMENTATION_COMMENTS = YES;
				CLANG_WARN_EMPTY_BODY = YES;
				CLANG_WARN_ENUM_CONVERSION = YES;
				CLANG_WARN_INFINITE_RECURSION = YES;
				CLANG_WARN_INT_CONVERSION = YES;
				CLANG_WARN_NON_LITERAL_NULL_CONVERSION = YES;
				CLANG_WARN_OBJC_LITERAL_CONVERSION = YES;
				CLANG_WARN_OBJC_ROOT_CLASS = YES_ERROR;
				CLANG_WARN_RANGE_LOOP_ANALYSIS = YES;
				CLANG_WARN_STRICT_PROTOTYPES = YES;
				CLANG_WARN_SUSPICIOUS_MOVE = YES;
				CLANG_WARN_UNGUARDED_AVAILABILITY = YES_AGGRESSIVE;
				CLANG_WARN_UNREACHABLE_CODE = YES;
				CLANG_WARN__DUPLICATE_METHOD_MATCH = YES;
				CODE_SIGN_IDENTITY = "iPhone Developer";
				COPY_PHASE_STRIP = NO;
				DEBUG_INFORMATION_FORMAT = "dwarf-with-dsym";
				ENABLE_NS_ASSERTIONS = NO;
				ENABLE_STRICT_OBJC_MSGSEND = YES;
				GCC_C_LANGUAGE_STANDARD = gnu11;
				GCC_NO_COMMON_BLOCKS = YES;
				GCC_WARN_64_TO_32_BIT_CONVERSION = YES;
				GCC_WARN_ABOUT_RETURN_TYPE = YES_ERROR;
				GCC_WARN_UNDECLARED_SELECTOR = YES;
				GCC_WARN_UNINITIALIZED_AUTOS = YES_AGGRESSIVE;
				GCC_WARN_UNUSED_FUNCTION = YES;
				GCC_WARN_UNUSED_VARIABLE = YES;
				IPHONEOS_DEPLOYMENT_TARGET = 11.2;
				MTL_ENABLE_DEBUG_INFO = NO;
				SDKROOT = iphoneos;
				SWIFT_OPTIMIZATION_LEVEL = "-Owholemodule";
				VALIDATE_PRODUCT = YES;
			};
			name = Release;
		};
		A02F73F12033E4BA0052DB1E /* Debug */ = {
			isa = XCBuildConfiguration;
			buildSettings = {
				ASSETCATALOG_COMPILER_APPICON_NAME = AppIcon;
				"CODE_SIGN_IDENTITY[sdk=iphoneos*]" = "iPhone Developer";
				CODE_SIGN_STYLE = Automatic;
				DEVELOPMENT_TEAM = 54FY8Y847W;
				INFOPLIST_FILE = "app-swoosh/Info.plist";
				LD_RUNPATH_SEARCH_PATHS = "$(inherited) @executable_path/Frameworks";
				PRODUCT_BUNDLE_IDENTIFIER = "com.mboyledev1234.app-swoosh";
				PRODUCT_NAME = "$(TARGET_NAME)";
				PROVISIONING_PROFILE_SPECIFIER = "";
				SWIFT_VERSION = 4.0;
				TARGETED_DEVICE_FAMILY = "1,2";
			};
			name = Debug;
		};
		A02F73F22033E4BA0052DB1E /* Release */ = {
			isa = XCBuildConfiguration;
			buildSettings = {
				ASSETCATALOG_COMPILER_APPICON_NAME = AppIcon;
				"CODE_SIGN_IDENTITY[sdk=iphoneos*]" = "iPhone Developer";
				CODE_SIGN_STYLE = Automatic;
				DEVELOPMENT_TEAM = 54FY8Y847W;
				INFOPLIST_FILE = "app-swoosh/Info.plist";
				LD_RUNPATH_SEARCH_PATHS = "$(inherited) @executable_path/Frameworks";
				PRODUCT_BUNDLE_IDENTIFIER = "com.mboyledev1234.app-swoosh";
				PRODUCT_NAME = "$(TARGET_NAME)";
				PROVISIONING_PROFILE_SPECIFIER = "";
				SWIFT_VERSION = 4.0;
				TARGETED_DEVICE_FAMILY = "1,2";
			};
			name = Release;
		};
/* End XCBuildConfiguration section */

/* Begin XCConfigurationList section */
		A02F73D92033E4BA0052DB1E /* Build configuration list for PBXProject "app-swoosh" */ = {
			isa = XCConfigurationList;
			buildConfigurations = (
				A02F73EE2033E4BA0052DB1E /* Debug */,
				A02F73EF2033E4BA0052DB1E /* Release */,
			);
			defaultConfigurationIsVisible = 0;
			defaultConfigurationName = Release;
		};
		A02F73F02033E4BA0052DB1E /* Build configuration list for PBXNativeTarget "app-swoosh" */ = {
			isa = XCConfigurationList;
			buildConfigurations = (
				A02F73F12033E4BA0052DB1E /* Debug */,
				A02F73F22033E4BA0052DB1E /* Release */,
			);
			defaultConfigurationIsVisible = 0;
			defaultConfigurationName = Release;
		};
/* End XCConfigurationList section */
	};
	rootObject = A02F73D62033E4BA0052DB1E /* Project object */;
}
